# This file is automatically @generated by Cargo.
# It is not intended for manual editing.
version = 4

[[package]]
name = "vorn-grid-client"
version = "0.7.5"
dependencies = [
 "vorn-term-mirror",
 "vorn-term-proto",
]

[[package]]
name = "vorn-grid-ffi"
version = "0.7.5"
dependencies = [
 "vorn-grid-client",
 "vorn-term-mirror",
 "vorn-term-proto",
]

[[package]]
name = "vorn-term-mirror"
version = "0.7.5"
dependencies = [
 "vorn-term-proto",
]

[[package]]
name = "vorn-term-proto"
version = "0.7.5"
